{
  "name": "SoundBoard",
  "version": "1.0.0",
  "lockfileVersion": 1,
  "requires": true,
  "dependencies": {
    "@babel/helper-annotate-as-pure": {
      "version": "7.12.13",
      "resolved": "https://registry.npmjs.org/@babel/helper-annotate-as-pure/-/helper-annotate-as-pure-7.12.13.tgz",
      "integrity": "sha512-7YXfX5wQ5aYM/BOlbSccHDbuXXFPxeoUmfWtz8le2yTkTZc+BxsiEnENFoi2SlmA8ewDkG2LgIMIVzzn2h8kfw==",
      "requires": {
        "@babel/types": "^7.12.13"
      }
    },
    "@babel/helper-module-imports": {
      "version": "7.12.13",
      "resolved": "https://registry.npmjs.org/@babel/helper-module-imports/-/helper-module-imports-7.12.13.tgz",
      "integrity": "sha512-NGmfvRp9Rqxy0uHSSVP+SRIW1q31a7Ji10cLBcqSDUngGentY4FRiHOFZFE1CLU5eiL0oE8reH7Tg1y99TDM/g==",
      "requires": {
        "@babel/types": "^7.12.13"
      }
    },
    "@babel/helper-plugin-utils": {
      "version": "7.13.0",
      "resolved": "https://registry.npmjs.org/@babel/helper-plugin-utils/-/helper-plugin-utils-7.13.0.tgz",
      "integrity": "sha512-ZPafIPSwzUlAoWT8DKs1W2VyF2gOWthGd5NGFMsBcMMol+ZhK+EQY/e6V96poa6PA/Bh+C9plWN0hXO1uB8AfQ=="
    },
    "@babel/helper-validator-identifier": {
      "version": "7.12.11",
      "resolved": "https://registry.npmjs.org/@babel/helper-validator-identifier/-/helper-validator-identifier-7.12.11.tgz",
      "integrity": "sha512-np/lG3uARFybkoHokJUmf1QfEvRVCPbmQeUQpKow5cQ3xWrV9i3rUHodKDJPQfTVX61qKi+UdYk8kik84n7XOw=="
    },
    "@babel/plugin-syntax-jsx": {
      "version": "7.12.13",
      "resolved": "https://registry.npmjs.org/@babel/plugin-syntax-jsx/-/plugin-syntax-jsx-7.12.13.tgz",
      "integrity": "sha512-d4HM23Q1K7oq/SLNmG6mRt85l2csmQ0cHRaxRXjKW0YFdEXqlZ5kzFQKH5Uc3rDJECgu+yCRgPkG04Mm98R/1g==",
      "requires": {
        "@babel/helper-plugin-utils": "^7.12.13"
      }
    },
    "@babel/plugin-transform-react-display-name": {
      "version": "7.12.13",
      "resolved": "https://registry.npmjs.org/@babel/plugin-transform-react-display-name/-/plugin-transform-react-display-name-7.12.13.tgz",
      "integrity": "sha512-MprESJzI9O5VnJZrL7gg1MpdqmiFcUv41Jc7SahxYsNP2kDkFqClxxTZq+1Qv4AFCamm+GXMRDQINNn+qrxmiA==",
      "requires": {
        "@babel/helper-plugin-utils": "^7.12.13"
      }
    },
    "@babel/plugin-transform-react-jsx": {
      "version": "7.12.17",
      "resolved": "https://registry.npmjs.org/@babel/plugin-transform-react-jsx/-/plugin-transform-react-jsx-7.12.17.tgz",
      "integrity": "sha512-mwaVNcXV+l6qJOuRhpdTEj8sT/Z0owAVWf9QujTZ0d2ye9X/K+MTOTSizcgKOj18PGnTc/7g1I4+cIUjsKhBcw==",
      "requires": {
        "@babel/helper-annotate-as-pure": "^7.12.13",
        "@babel/helper-module-imports": "^7.12.13",
        "@babel/helper-plugin-utils": "^7.12.13",
        "@babel/plugin-syntax-jsx": "^7.12.13",
        "@babel/types": "^7.12.17"
      }
    },
    "@babel/plugin-transform-react-jsx-development": {
      "version": "7.12.17",
      "resolved": "https://registry.npmjs.org/@babel/plugin-transform-react-jsx-development/-/plugin-transform-react-jsx-development-7.12.17.tgz",
      "integrity": "sha512-BPjYV86SVuOaudFhsJR1zjgxxOhJDt6JHNoD48DxWEIxUCAMjV1ys6DYw4SDYZh0b1QsS2vfIA9t/ZsQGsDOUQ==",
      "requires": {
        "@babel/plugin-transform-react-jsx": "^7.12.17"
      }
    },
    "@babel/plugin-transform-react-pure-annotations": {
      "version": "7.12.1",
      "resolved": "https://registry.npmjs.org/@babel/plugin-transform-react-pure-annotations/-/plugin-transform-react-pure-annotations-7.12.1.tgz",
      "integrity": "sha512-RqeaHiwZtphSIUZ5I85PEH19LOSzxfuEazoY7/pWASCAIBuATQzpSVD+eT6MebeeZT2F4eSL0u4vw6n4Nm0Mjg==",
      "requires": {
        "@babel/helper-annotate-as-pure": "^7.10.4",
        "@babel/helper-plugin-utils": "^7.10.4"
      }
    },
    "@babel/preset-react": {
      "version": "7.12.13",
      "resolved": "https://registry.npmjs.org/@babel/preset-react/-/preset-react-7.12.13.tgz",
      "integrity": "sha512-TYM0V9z6Abb6dj1K7i5NrEhA13oS5ujUYQYDfqIBXYHOc2c2VkFgc+q9kyssIyUfy4/hEwqrgSlJ/Qgv8zJLsA==",
      "requires": {
        "@babel/helper-plugin-utils": "^7.12.13",
        "@babel/plugin-transform-react-display-name": "^7.12.13",
        "@babel/plugin-transform-react-jsx": "^7.12.13",
        "@babel/plugin-transform-react-jsx-development": "^7.12.12",
        "@babel/plugin-transform-react-pure-annotations": "^7.12.1"
      }
    },
    "@babel/types": {
      "version": "7.13.0",
      "resolved": "https://registry.npmjs.org/@babel/types/-/types-7.13.0.tgz",
      "integrity": "sha512-hE+HE8rnG1Z6Wzo+MhaKE5lM5eMx71T4EHJgku2E3xIfaULhDcxiiRxUYgwX8qwP1BBSlag+TdGOt6JAidIZTA==",
      "requires": {
        "@babel/helper-validator-identifier": "^7.12.11",
        "lodash": "^4.17.19",
        "to-fast-properties": "^2.0.0"
      }
    },
    "balanced-match": {
      "version": "1.0.0",
      "resolved": "https://registry.npmjs.org/balanced-match/-/balanced-match-1.0.0.tgz",
      "integrity": "sha1-ibTRmasr7kneFk6gK4nORi1xt2c=",
      "dev": true
    },
    "brace-expansion": {
      "version": "1.1.11",
      "resolved": "https://registry.npmjs.org/brace-expansion/-/brace-expansion-1.1.11.tgz",
      "integrity": "sha512-iCuPHDFgrHX7H2vEI/5xpz07zSHB00TpugqhmYtVmMO6518mCuRMoOYFldEBl0g187ufozdaHgWKcYFb61qGiA==",
      "dev": true,
      "requires": {
        "balanced-match": "^1.0.0",
        "concat-map": "0.0.1"
      }
    },
    "concat-map": {
      "version": "0.0.1",
      "resolved": "https://registry.npmjs.org/concat-map/-/concat-map-0.0.1.tgz",
      "integrity": "sha1-2Klr13/Wjfd5OnMDajug1UBdR3s=",
      "dev": true
    },
    "inherits": {
      "version": "2.0.3",
      "resolved": "https://registry.npmjs.org/inherits/-/inherits-2.0.3.tgz",
      "integrity": "sha1-Yzwsg+PaQqUC9SRmAiSA9CCCYd4=",
      "dev": true
    },
    "lodash": {
      "version": "4.17.21",
      "resolved": "https://registry.npmjs.org/lodash/-/lodash-4.17.21.tgz",
      "integrity": "sha512-v2kDEe57lecTulaDIuNTPy3Ry4gLGJ6Z1O3vE1krgXZNrsQ+LFTGHVxVjcXPs17LhbZVGedAJv8XZ1tvj5FvSg=="
    },
    "minimatch": {
      "version": "3.0.4",
      "resolved": "https://registry.npmjs.org/minimatch/-/minimatch-3.0.4.tgz",
      "integrity": "sha512-yJHVQEhyqPLUTgt9B83PXu6W3rx4MvvHvSUvToogpwoGDOUQ+yDrR0HRot+yOCdCO7u4hX3pWft6kWBBcqh0UA==",
      "dev": true,
      "requires": {
        "brace-expansion": "^1.1.7"
      }
    },
    "moment": {
      "version": "2.29.1",
      "resolved": "https://registry.npmjs.org/moment/-/moment-2.29.1.tgz",
      "integrity": "sha512-kHmoybcPV8Sqy59DwNDY3Jefr64lK/by/da0ViFcuA4DH0vQg5Q6Ze5VimxkfQNSC+Mls/Kx53s7TjP1RhFEDQ=="
    },
    "parcel-plugin-static-files-copy": {
      "version": "2.5.1",
      "resolved": "https://registry.npmjs.org/parcel-plugin-static-files-copy/-/parcel-plugin-static-files-copy-2.5.1.tgz",
      "integrity": "sha512-iDi04brJU10xZYSXlOCjBfILaaoWaA7k9E78t6QpQmLOly7RykNMb9UE3bQy1ZEQx3tJINteF4HcIHrDpIK15w==",
      "dev": true,
      "requires": {
        "minimatch": "3.0.4",
        "path": "0.12.7"
      }
    },
    "path": {
      "version": "0.12.7",
      "resolved": "https://registry.npmjs.org/path/-/path-0.12.7.tgz",
      "integrity": "sha1-1NwqUGxM4hl+tIHr/NWzbAFAsQ8=",
      "dev": true,
      "requires": {
        "process": "^0.11.1",
        "util": "^0.10.3"
      }
    },
    "process": {
      "version": "0.11.10",
      "resolved": "https://registry.npmjs.org/process/-/process-0.11.10.tgz",
      "integrity": "sha1-czIwDoQBYb2j5podHZGn1LwW8YI=",
      "dev": true
    },
    "to-fast-properties": {
      "version": "2.0.0",
      "resolved": "https://registry.npmjs.org/to-fast-properties/-/to-fast-properties-2.0.0.tgz",
      "integrity": "sha1-3F5pjL0HkmW8c+A3doGk5Og/YW4="
    },
    "util": {
      "version": "0.10.4",
      "resolved": "https://registry.npmjs.org/util/-/util-0.10.4.tgz",
      "integrity": "sha512-0Pm9hTQ3se5ll1XihRic3FDIku70C+iHUdT/W926rSgHV5QgXsYbKZN8MSC3tJtSkhuROzvsQjAaFENRXr+19A==",
      "dev": true,
      "requires": {
        "inherits": "2.0.3"
      }
    }
  }
}
